
Microsoft Visual Studio Solution File, Format Version 11.00
# Visual Studio 2010
Project("{FAE04EC0-301F-11D3-BF4B-00C04F79EFBC}") = "Hazware.Core-NET4", "src\Hazware.Core-NET4\Hazware.Core-NET4.csproj", "{E0C4EEED-35E9-4ED7-8D27-C22113891F15}"
EndProject
Project("{FAE04EC0-301F-11D3-BF4B-00C04F79EFBC}") = "Hazware.Core-NET4CP", "src\Hazware.Core-NET4CP\Hazware.Core-NET4CP.csproj", "{AABF8B2E-8CE8-4103-A344-EEF5EF539E1E}"
EndProject
Project("{FAE04EC0-301F-11D3-BF4B-00C04F79EFBC}") = "Hazware.Core-SL4", "src\Hazware.Core-SL4\Hazware.Core-SL4.csproj", "{98F9492D-0493-4BCB-BDF6-420A2B0B3BF3}"
EndProject
Global
	GlobalSection(SolutionConfigurationPlatforms) = preSolution
		Debug|Any CPU = Debug|Any CPU
		Release|Any CPU = Release|Any CPU
	EndGlobalSection
	GlobalSection(ProjectConfigurationPlatforms) = postSolution
		{E0C4EEED-35E9-4ED7-8D27-C22113891F15}.Debug|Any CPU.ActiveCfg = Debug|Any CPU
		{E0C4EEED-35E9-4ED7-8D27-C22113891F15}.Debug|Any CPU.Build.0 = Debug|Any CPU
		{E0C4EEED-35E9-4ED7-8D27-C22113891F15}.Release|Any CPU.ActiveCfg = Release|Any CPU
		{E0C4EEED-35E9-4ED7-8D27-C22113891F15}.Release|Any CPU.Build.0 = Release|Any CPU
		{AABF8B2E-8CE8-4103-A344-EEF5EF539E1E}.Debug|Any CPU.ActiveCfg = Debug|Any CPU
		{AABF8B2E-8CE8-4103-A344-EEF5EF539E1E}.Debug|Any CPU.Build.0 = Debug|Any CPU
		{AABF8B2E-8CE8-4103-A344-EEF5EF539E1E}.Release|Any CPU.ActiveCfg = Release|Any CPU
		{AABF8B2E-8CE8-4103-A344-EEF5EF539E1E}.Release|Any CPU.Build.0 = Release|Any CPU
		{98F9492D-0493-4BCB-BDF6-420A2B0B3BF3}.Debug|Any CPU.ActiveCfg = Debug|Any CPU
		{98F9492D-0493-4BCB-BDF6-420A2B0B3BF3}.Debug|Any CPU.Build.0 = Debug|Any CPU
		{98F9492D-0493-4BCB-BDF6-420A2B0B3BF3}.Release|Any CPU.ActiveCfg = Release|Any CPU
		{98F9492D-0493-4BCB-BDF6-420A2B0B3BF3}.Release|Any CPU.Build.0 = Release|Any CPU
	EndGlobalSection
	GlobalSection(SolutionProperties) = preSolution
		HideSolutionNode = FALSE
	EndGlobalSection
EndGlobal
